
Microsoft Visual Studio Solution File, Format Version 11.00
# Visual C++ Express 2010
Project("{8BC9CEB8-8B4A-11D0-8D11-00A0C91BC942}") = "TMU_Test3_DIVF32", "TMU_Test3_DIVF32\TMU_Test3_DIVF32.vcxproj", "{33E62367-4250-4235-86A9-289F0779F516}"
EndProject
Global
	GlobalSection(SolutionConfigurationPlatforms) = preSolution
		Debug|Win32 = Debug|Win32
		Release|Win32 = Release|Win32
	EndGlobalSection
	GlobalSection(ProjectConfigurationPlatforms) = postSolution
		{33E62367-4250-4235-86A9-289F0779F516}.Debug|Win32.ActiveCfg = Debug|Win32
		{33E62367-4250-4235-86A9-289F0779F516}.Debug|Win32.Build.0 = Debug|Win32
		{33E62367-4250-4235-86A9-289F0779F516}.Release|Win32.ActiveCfg = Release|Win32
		{33E62367-4250-4235-86A9-289F0779F516}.Release|Win32.Build.0 = Release|Win32
	EndGlobalSection
	GlobalSection(SolutionProperties) = preSolution
		HideSolutionNode = FALSE
	EndGlobalSection
EndGlobal
